# This file is autogenerated, do not edit; changes may be undone by the next 'dep ensure'.


[[projects]]
  branch = "master"
  digest = "0:"
  name = "github.com/GeertJohan/go-sourcepath"
  packages = ["."]
  pruneopts = "T"
  revision = "83e8b8723a9bf39481216e80575f4854c63ece4a"

[[projects]]
  digest = "0:"
  name = "github.com/Masterminds/semver"
  packages = ["."]
  pruneopts = "T"
  revision = "805c489aa98f412e79eb308a37996bf9d8b1c91e"
  version = "v1.5.0"

[[projects]]
  digest = "0:"
  name = "github.com/Shopify/sarama"
  packages = ["."]
  pruneopts = "T"
  revision = "4d2231eabe90d4ab508cc55a0c97f88976cd2f3c"
  version = "v1.26.4"

[[projects]]
  digest = "0:"
  name = "github.com/StackExchange/wmi"
  packages = ["."]
  pruneopts = "T"
  revision = "cbe66965904dbe8a6cd589e2298e5d8b986bd7dd"
  version = "1.1.0"

[[projects]]
  digest = "0:"
  name = "github.com/Unknwon/com"
  packages = ["."]
  pruneopts = "T"
  revision = "757f69c95f3e6e3ef823a57bfc3b4ca50804523e"
  version = "v1.0.1"

[[projects]]
  digest = "0:"
  name = "github.com/apache/thrift"
  packages = ["lib/go/thrift"]
  pruneopts = "T"
  revision = "cecee50308fc7e6f77f55b3fd906c1c6c471fa2f"
  version = "v0.13.0"

[[projects]]
  branch = "master"
  digest = "0:"
  name = "github.com/armon/consul-api"
  packages = ["."]
  pruneopts = "T"
  revision = "eb2c6b5be1b66bab83016e0b05f01b8d5496ffbd"

[[projects]]
  branch = "master"
  digest = "0:"
  name = "github.com/benesch/cgosymbolizer"
  packages = ["."]
  pruneopts = "T"
  revision = "bec6fe6e597bfeb28b9d8c0b998772635fceea8b"

[[projects]]
  digest = "0:"
  name = "github.com/bketelsen/crypt"
  packages = ["config"]
  pruneopts = "T"
  revision = "0d6dc8c093c1c191f00effdfc3b2f858973f0271"
  version = "v0.0.2"

[[projects]]
  digest = "0:"
  name = "github.com/cheekybits/genny"
  packages = ["generic"]
  pruneopts = "T"
  revision = "d2cf3cdd35ce0d789056c4bc02a4d6349c947caf"
  version = "v1.0.0"

[[projects]]
  digest = "0:"
  name = "github.com/chewxy/hm"
  packages = ["."]
  pruneopts = "T"
  revision = "61efb3290a086d1335e8954b3734c102126818ba"
  version = "v1.0.0"

[[projects]]
  digest = "0:"
  name = "github.com/chewxy/math32"
  packages = ["."]
  pruneopts = "T"
  revision = "690198fe423b6a6dacda06cdefa44cf45655dfd3"
  version = "1.01"

[[projects]]
  digest = "0:"
  name = "github.com/coreos/etcd"
  packages = ["client"]
  pruneopts = "T"
  revision = "54ba9589114fc3fa5cc36c313550b3c0c0938c91"
  version = "v3.4.9"

[[projects]]
  digest = "0:"
  name = "github.com/coreos/go-semver"
  packages = ["semver"]
  pruneopts = "T"
  revision = "e214231b295a8ea9479f11b70b35d5acf3556d9b"
  version = "v0.3.0"

[[projects]]
  digest = "0:"
  name = "github.com/davecgh/go-spew"
  packages = ["spew"]
  pruneopts = "T"
  revision = "8991bc29aa16c548c550c7ff78260e27b9ab7c73"
  version = "v1.1.1"

[[projects]]
  digest = "0:"
  name = "github.com/dustin/go-humanize"
  packages = ["."]
  pruneopts = "T"
  revision = "9f541cc9db5d55bce703bd99987c9d5cb8eea45e"
  version = "v1.0.0"

[[projects]]
  digest = "0:"
  name = "github.com/eapache/go-resiliency"
  packages = ["breaker"]
  pruneopts = "T"
  revision = "5efd2ed019fd331ec2defc6f3bd98882f1e3e636"
  version = "v1.2.0"

[[projects]]
  branch = "master"
  digest = "0:"
  name = "github.com/eapache/go-xerial-snappy"
  packages = ["."]
  pruneopts = "T"
  revision = "776d5712da21bc4762676d614db1d8a64f4238b0"

[[projects]]
  digest = "0:"
  name = "github.com/eapache/queue"
  packages = ["."]
  pruneopts = "T"
  revision = "44cc805cf13205b55f69e14bcb69867d1ae92f98"
  version = "v1.1.0"

[[projects]]
  branch = "master"
  digest = "0:"
  name = "github.com/facebookgo/stack"
  packages = ["."]
  pruneopts = "T"
  revision = "751773369052141c013c6e827a71e8f35c07879c"

[[projects]]
  digest = "0:"
  name = "github.com/fatih/color"
  packages = ["."]
  pruneopts = "T"
  revision = "daf2830f2741ebb735b21709a520c5f37d642d85"
  version = "v1.9.0"

[[projects]]
  digest = "0:"
  name = "github.com/fatih/structs"
  packages = ["."]
  pruneopts = "T"
  revision = "4966fc68f5b7593aafa6cbbba2d65ec6e1416047"
  version = "v1.1.0"

[[projects]]
  digest = "0:"
  name = "github.com/fsnotify/fsnotify"
  packages = ["."]
  pruneopts = "T"
  revision = "45d7d09e39ef4ac08d493309fa031790c15bfe8a"
  version = "v1.4.9"

[[projects]]
  digest = "0:"
  name = "github.com/go-logfmt/logfmt"
  packages = ["."]
  pruneopts = "T"
  revision = "3be5f6aae7db841d31dc5e1b3bb7b4cff19200b3"
  version = "v0.5.0"

[[projects]]
  digest = "0:"
  name = "github.com/go-ole/go-ole"
  packages = [
    ".",
    "oleutil",
  ]
  pruneopts = "T"
  revision = "97b6244175ae18ea6eef668034fd6565847501c9"
  version = "v1.2.4"

[[projects]]
  digest = "0:"
  name = "github.com/gogo/protobuf"
  packages = [
    "gogoproto",
    "proto",
    "protoc-gen-gogo/descriptor",
    "sortkeys",
    "types",
  ]
  pruneopts = "T"
  revision = "5628607bb4c51c3157aacc3a50f0ab707582b805"
  version = "v1.3.1"

[[projects]]
  branch = "master"
  digest = "0:"
  name = "github.com/golang/protobuf"
  packages = [
    "descriptor",
    "jsonpb",
    "proto",
    "protoc-gen-go/descriptor",
    "ptypes",
    "ptypes/any",
    "ptypes/duration",
    "ptypes/timestamp",
    "ptypes/wrappers",
  ]
  pruneopts = "T"
  revision = "d04d7b157bb510b1e0c10132224b616ac0e26b17"

[[projects]]
  digest = "0:"
  name = "github.com/golang/snappy"
  packages = ["."]
  pruneopts = "T"
  revision = "2a8bb927dd31d8daada140a5d09578521ce5c36a"
  version = "v0.0.1"

[[projects]]
  digest = "0:"
  name = "github.com/google/flatbuffers"
  packages = ["go"]
  pruneopts = "T"
  revision = "6df40a2471737b27271bdd9b900ab5f3aec746c7"
  version = "v1.12.0"

[[projects]]
  digest = "0:"
  name = "github.com/grpc-ecosystem/grpc-gateway"
  packages = [
    "internal",
    "runtime",
    "utilities",
  ]
  pruneopts = "T"
  revision = "7988867d3206f7e90ca3e8d4ab67e060734a297a"
  version = "v1.14.6"

[[projects]]
  digest = "0:"
  name = "github.com/hashicorp/go-uuid"
  packages = ["."]
  pruneopts = "T"
  revision = "6195a4f20692188e0a389def25559731d1e130f9"
  version = "v1.0.2"

[[projects]]
  digest = "0:"
  name = "github.com/hashicorp/hcl"
  packages = [
    ".",
    "hcl/ast",
    "hcl/parser",
    "hcl/printer",
    "hcl/scanner",
    "hcl/strconv",
    "hcl/token",
    "json/parser",
    "json/scanner",
    "json/token",
  ]
  pruneopts = "T"
  revision = "8cb6e5b959231cc1119e43259c4a608f9c51a241"
  version = "v1.0.0"

[[projects]]
  branch = "master"
  digest = "0:"
  name = "github.com/ianlancetaylor/cgosymbolizer"
  packages = ["."]
  pruneopts = "T"
  revision = "be1b05b0b2790e3d9d080d29bd918304bbd35a2b"

[[projects]]
  branch = "master"
  digest = "0:"
  name = "github.com/ianlancetaylor/demangle"
  packages = ["."]
  pruneopts = "T"
  revision = "6ce5b4c20f3361a04db0c1d838b8d3c0f5552898"

[[projects]]
  digest = "0:"
  name = "github.com/jcmturner/gofork"
  packages = [
    "encoding/asn1",
    "x/crypto/pbkdf2",
  ]
  pruneopts = "T"
  revision = "dc7c13fece037a4a36e2b3c69db4991498d30692"
  version = "v1.0.0"

[[projects]]
  digest = "0:"
  name = "github.com/josharian/intern"
  packages = ["."]
  pruneopts = "T"
  revision = "8e6ff32b3e7c0b018c43953085fe2ac330fe9acd"
  version = "v1.0.0"

[[projects]]
  digest = "0:"
  name = "github.com/json-iterator/go"
  packages = ["."]
  pruneopts = "T"
  revision = "a1ca0830781e007c66b225121d2cdb3a649421f6"
  version = "v1.1.10"

[[projects]]
  digest = "0:"
  name = "github.com/k0kubun/pp"
  packages = ["."]
  pruneopts = "T"
  revision = "f5c257df338e921f81bfe022aba3d9ba2e00b7b4"
  version = "v3.0.2"

[[projects]]
  digest = "0:"
  name = "github.com/klauspost/compress"
  packages = [
    "fse",
    "huff0",
    "snappy",
    "zstd",
    "zstd/internal/xxhash",
  ]
  pruneopts = "T"
  revision = "a8f778f32d263b3a95d1e5a90534f5f680560abe"
  version = "v1.10.10"

[[projects]]
  digest = "0:"
  name = "github.com/konsorten/go-windows-terminal-sequences"
  packages = ["."]
  pruneopts = "T"
  revision = "edb144dfd453055e1e49a3d8b410a660b5a87613"
  version = "v1.0.3"

[[projects]]
  digest = "0:"
  name = "github.com/magiconair/properties"
  packages = ["."]
  pruneopts = "T"
  revision = "de8848e004dd33dc07a2947b3d76f618a7fc7ef1"
  version = "v1.8.1"

[[projects]]
  branch = "master"
  digest = "0:"
  name = "github.com/mailru/easyjson"
  packages = [
    ".",
    "buffer",
    "jlexer",
    "jwriter",
  ]
  pruneopts = "T"
  revision = "8ba3c7bdceed0f2e8089b8bac6627e18a1392659"

[[projects]]
  digest = "0:"
  name = "github.com/mattn/go-colorable"
  packages = ["."]
  pruneopts = "T"
  revision = "167de6bfdfba052fa6b2d3664c8f5272e23c9072"
  version = "v0.0.9"

[[projects]]
  digest = "0:"
  name = "github.com/mattn/go-isatty"
  packages = ["."]
  pruneopts = "T"
  revision = "7b513a986450394f7bbf1476909911b3aa3a55ce"
  version = "v0.0.12"

[[projects]]
  branch = "master"
  digest = "0:"
  name = "github.com/mitchellh/go-homedir"
  packages = ["."]
  pruneopts = "T"
  revision = "af06845cf3004701891bf4fdb884bfe4920b3727"

[[projects]]
  digest = "0:"
  name = "github.com/mitchellh/mapstructure"
  packages = ["."]
  pruneopts = "T"
  revision = "d16e9488127408e67948eb43b6d3fbb9f222da10"
  version = "v1.3.2"

[[projects]]
  digest = "0:"
  name = "github.com/modern-go/concurrent"
  packages = ["."]
  pruneopts = "T"
  revision = "bacd9c7ef1dd9b15be4a9909b8ac7a4e313eec94"
  version = "1.0.3"

[[projects]]
  digest = "0:"
  name = "github.com/modern-go/reflect2"
  packages = ["."]
  pruneopts = "T"
  revision = "4b7aa43c6742a2c18fdef89dd197aaae7dac7ccd"
  version = "1.0.1"

[[projects]]
  branch = "master"
  digest = "0:"
  name = "github.com/nicolai86/instruments"
  packages = ["."]
  pruneopts = "T"
  revision = "a667d8f6e278892ccc3bc78f7fc6a6364fd68124"

[[projects]]
  branch = "master"
  digest = "0:"
  name = "github.com/opentracing-contrib/go-observer"
  packages = ["."]
  pruneopts = "T"
  revision = "a52f2342449246d5bcc273e65cbdcfa5f7d6c63c"

[[projects]]
  branch = "master"
  digest = "0:"
  name = "github.com/opentracing-contrib/perfevents"
  packages = ["go"]
  pruneopts = "T"
  revision = "a7a7e747782c021caa5c44ef98157f761bf56970"

[[projects]]
  digest = "0:"
  name = "github.com/opentracing/opentracing-go"
  packages = [
    ".",
    "ext",
    "log",
  ]
  pruneopts = "T"
  revision = "d34af3eaa63c4d08ab54863a4bdd0daa45212e12"
  version = "v1.2.0"

[[projects]]
  digest = "0:"
  name = "github.com/openzipkin-contrib/zipkin-go-opentracing"
  packages = [
    "flag",
    "thrift/gen-go/scribe",
    "thrift/gen-go/zipkincore",
    "types",
    "wire",
  ]
  pruneopts = "T"
  revision = "f0f479ad013a498e4cbfb369414e5d3880903779"
  version = "v0.3.5"

[[projects]]
  digest = "0:"
  name = "github.com/openzipkin/zipkin-go-opentracing"
  packages = ["."]
  pruneopts = "T"
  revision = "f0f479ad013a498e4cbfb369414e5d3880903779"
  version = "v0.3.5"

[[projects]]
  digest = "0:"
  name = "github.com/pelletier/go-toml"
  packages = ["."]
  pruneopts = "T"
  revision = "16c9a8bdc086a2130a88eff98df4088e4c359bb2"
  version = "v1.8.0"

[[projects]]
  digest = "0:"
  name = "github.com/pierrec/lz4"
  packages = [
    ".",
    "internal/xxh32",
  ]
  pruneopts = "T"
  revision = "65e4285c566323a894d155441e5279ec4a9884f4"
  version = "v2.5.2"

[[projects]]
  digest = "0:"
  name = "github.com/pkg/errors"
  packages = ["."]
  pruneopts = "T"
  revision = "ba968bfe8b2f7e042a574c888954fccecfa385b4"
  version = "v0.8.1"

[[projects]]
  branch = "master"
  digest = "0:"
  name = "github.com/rai-project/config"
  packages = ["."]
  pruneopts = "T"
  revision = "3bd01e698aad9bbfa8efa27dc763ba1d38ccaa91"

[[projects]]
  branch = "master"
  digest = "0:"
  name = "github.com/rai-project/dlframework"
  packages = [
    ".",
    "framework/options",
  ]
  pruneopts = "T"
  revision = "4aaa12cfa5874a785cbe70a2bc8a849472c7bc95"

[[projects]]
  branch = "develop"
  digest = "0:"
  name = "github.com/rai-project/go-cupti"
  packages = [
    ".",
    "types",
  ]
  pruneopts = "T"
  revision = "70df194a40553b7fd0ab52b2704b39844cfe8b9a"

[[projects]]
  branch = "master"
  digest = "0:"
  name = "github.com/rai-project/godotenv"
  packages = ["."]
  pruneopts = "T"
  revision = "72ca456a35f42d911b5a3f25ef9ea42636a22b3b"

[[projects]]
  branch = "master"
  digest = "0:"
  name = "github.com/rai-project/logger"
  packages = ["."]
  pruneopts = "T"
  revision = "49978a80bf96e896fd525f153518056b3b75fdf1"

[[projects]]
  branch = "master"
  digest = "0:"
  name = "github.com/rai-project/machine"
  packages = ["os"]
  pruneopts = "T"
  revision = "16d40a8bc810dd4bda476f87f15607effddedb84"

[[projects]]
  branch = "master"
  digest = "0:"
  name = "github.com/rai-project/nvidia-smi"
  packages = ["."]
  pruneopts = "T"
  revision = "864eb441c9ae3171601e2e9df942b9ca386612c0"

[[projects]]
  branch = "master"
  digest = "0:"
  name = "github.com/rai-project/nvml-go"
  packages = ["."]
  pruneopts = "T"
  revision = "4e1189bcc320475bfec1306c719b78939c31a00d"

[[projects]]
  branch = "master"
  digest = "0:"
  name = "github.com/rai-project/tegra"
  packages = ["."]
  pruneopts = "T"
  revision = "1d9901ca382bfae82f47b1ddb5fb67a019d254e8"

[[projects]]
  branch = "master"
  digest = "0:"
  name = "github.com/rai-project/tracer"
  packages = [
    ".",
    "defaults",
    "jaeger",
    "noop",
    "observer",
    "utils",
    "zipkin",
  ]
  pruneopts = "T"
  revision = "97d6a9677dc3a0e73fc9df74d366323884c19190"

[[projects]]
  branch = "master"
  digest = "0:"
  name = "github.com/rai-project/utils"
  packages = ["."]
  pruneopts = "T"
  revision = "addd4cf1893f82eadf3982b92dec25f87d0453e2"

[[projects]]
  branch = "master"
  digest = "0:"
  name = "github.com/rai-project/uuid"
  packages = ["."]
  pruneopts = "T"
  revision = "2a4c8b922cc6a17bd16f236d4bb06134972289f2"

[[projects]]
  branch = "master"
  digest = "0:"
  name = "github.com/rai-project/vipertags"
  packages = ["."]
  pruneopts = "T"
  revision = "d63b0a674aa95058902e234d2e9e5d1a13aa46a3"

[[projects]]
  branch = "master"
  digest = "0:"
  name = "github.com/rainycape/dl"
  packages = ["."]
  pruneopts = "T"
  revision = "1b01514224a1a60a6bcbb0b6b9d3a00ec14ae17f"

[[projects]]
  branch = "master"
  digest = "0:"
  name = "github.com/rcrowley/go-metrics"
  packages = ["."]
  pruneopts = "T"
  revision = "10cdbea86bc0b922507ce91d43f4f78a5bea2e8f"

[[projects]]
  digest = "0:"
  name = "github.com/shirou/gopsutil"
  packages = [
    "internal/common",
    "mem",
  ]
  pruneopts = "T"
  revision = "10a398abdd2d49a0905dae63644eb0cafc2006e2"
  version = "v2.20.6"

[[projects]]
  digest = "0:"
  name = "github.com/sirupsen/logrus"
  packages = ["."]
  pruneopts = "T"
  revision = "60c74ad9be0d874af0ab0daef6ab07c5c5911f0d"
  version = "v1.6.0"

[[projects]]
  digest = "0:"
  name = "github.com/spf13/afero"
  packages = [
    ".",
    "mem",
  ]
  pruneopts = "T"
  revision = "64b7ddd95f1fbe60faf105741af72d8f3579e5f0"
  version = "v1.3.1"

[[projects]]
  digest = "0:"
  name = "github.com/spf13/cast"
  packages = ["."]
  pruneopts = "T"
  revision = "1ffadf551085444af981432dd0f6d1160c11ec64"
  version = "v1.3.1"

[[projects]]
  digest = "0:"
  name = "github.com/spf13/jwalterweatherman"
  packages = ["."]
  pruneopts = "T"
  revision = "94f6ae3ed3bceceafa716478c5fbf8d29ca601a1"
  version = "v1.1.0"

[[projects]]
  digest = "0:"
  name = "github.com/spf13/pflag"
  packages = ["."]
  pruneopts = "T"
  revision = "2e9d26c8c37aae03e3f9d4e90b7116f5accb7cab"
  version = "v1.0.5"

[[projects]]
  branch = "master"
  digest = "0:"
  name = "github.com/spf13/viper"
  packages = [
    ".",
    "remote",
  ]
  pruneopts = "T"
  revision = "13df72109047b6ae9c907bce81e327265d6d8a9c"

[[projects]]
  digest = "0:"
  name = "github.com/subosito/gotenv"
  packages = ["."]
  pruneopts = "T"
  revision = "2ef7124db659d49edac6aa459693a15ae36c671a"
  version = "v1.2.0"

[[projects]]
  digest = "0:"
  name = "github.com/uber/jaeger-client-go"
  packages = [
    ".",
    "internal/baggage",
    "internal/reporterstats",
    "internal/spanlog",
    "internal/throttler",
    "log",
    "thrift",
    "thrift-gen/agent",
    "thrift-gen/jaeger",
    "thrift-gen/sampling",
    "thrift-gen/zipkincore",
    "transport/zipkin",
    "utils",
    "zipkin",
  ]
  pruneopts = "T"
  revision = "66c008c3d6ad856cac92a0af53186efbffa8e6a5"
  version = "v2.24.0"

[[projects]]
  digest = "0:"
  name = "github.com/uber/jaeger-lib"
  packages = ["metrics"]
  pruneopts = "T"
  revision = "a87ae9d84fb038a8d79266298970720be7c80fcd"
  version = "v2.2.0"

[[projects]]
  branch = "master"
  digest = "0:"
  name = "github.com/xordataexchange/crypt"
  packages = [
    "backend",
    "backend/consul",
    "backend/etcd",
    "encoding/secconf",
  ]
  pruneopts = "T"
  revision = "b2862e3d0a775f18c7cfe02273500ae307b61218"

[[projects]]
  branch = "master"
  digest = "0:"
  name = "github.com/xtgo/set"
  packages = ["."]
  pruneopts = "T"
  revision = "708d80f4a27458f99f8ca12bd0e638c6ee65627f"

[[projects]]
  digest = "0:"
  name = "go.etcd.io/etcd"
  packages = [
    "pkg/pathutil",
    "pkg/srv",
    "pkg/types",
    "version",
  ]
  pruneopts = "T"
  revision = "54ba9589114fc3fa5cc36c313550b3c0c0938c91"
  version = "v3.4.9"

[[projects]]
  digest = "0:"
  name = "go.uber.org/atomic"
  packages = ["."]
  pruneopts = "T"
  revision = "845920076a298bdb984fb0f1b86052e4ca0a281c"
  version = "v1.6.0"

[[projects]]
  branch = "master"
  digest = "0:"
  name = "golang.org/x/crypto"
  packages = [
    "cast5",
    "md4",
    "openpgp",
    "openpgp/armor",
    "openpgp/elgamal",
    "openpgp/errors",
    "openpgp/packet",
    "openpgp/s2k",
    "pbkdf2",
  ]
  pruneopts = "T"
  revision = "75b288015ac94e66e3d6715fb68a9b41bf046ec2"

[[projects]]
  branch = "master"
  digest = "0:"
  name = "golang.org/x/net"
  packages = [
    "context",
    "http/httpguts",
    "http2",
    "http2/hpack",
    "idna",
    "internal/socks",
    "internal/timeseries",
    "proxy",
    "trace",
  ]
  pruneopts = "T"
  revision = "4c5254603344ea4a8ae4bed7e296a9588303e14f"

[[projects]]
  branch = "master"
  digest = "0:"
  name = "golang.org/x/sync"
  packages = ["syncmap"]
  pruneopts = "T"
  revision = "6e8e738ad208923de99951fe0b48239bfd864f28"

[[projects]]
  branch = "master"
  digest = "0:"
  name = "golang.org/x/sys"
  packages = [
    "internal/unsafeheader",
    "unix",
    "windows",
  ]
  pruneopts = "T"
  revision = "ddb9806d33aed8dbaac1cd6f1cba58952e87f933"

[[projects]]
  digest = "0:"
  name = "golang.org/x/text"
  packages = [
    "collate",
    "collate/build",
    "internal/colltab",
    "internal/gen",
    "internal/language",
    "internal/language/compact",
    "internal/tag",
    "internal/triegen",
    "internal/ucd",
    "language",
    "secure/bidirule",
    "transform",
    "unicode/bidi",
    "unicode/cldr",
    "unicode/norm",
    "unicode/rangetable",
  ]
  pruneopts = "T"
  revision = "23ae387dee1f90d29a23c0e87ee0b46038fbed0e"
  version = "v0.3.3"

[[projects]]
  digest = "0:"
  name = "gonum.org/v1/gonum"
  packages = [
    "blas",
    "blas/blas64",
    "blas/cblas128",
    "blas/gonum",
    "floats",
    "internal/asm/c128",
    "internal/asm/c64",
    "internal/asm/f32",
    "internal/asm/f64",
    "internal/cmplx64",
    "internal/math32",
    "lapack",
    "lapack/gonum",
    "lapack/lapack64",
    "mat",
  ]
  pruneopts = "T"
  revision = "960a37950cca5ec8d1efe76ed4eec9dfe3065bd6"
  version = "v0.7.0"

[[projects]]
  branch = "master"
  digest = "0:"
  name = "google.golang.org/genproto"
  packages = [
    "googleapis/api/annotations",
    "googleapis/api/httpbody",
    "googleapis/rpc/status",
    "protobuf/field_mask",
  ]
  pruneopts = "T"
  revision = "07506425bd67e1db3dd3ed11bc30bdd553c377f1"

[[projects]]
  digest = "0:"
  name = "google.golang.org/grpc"
  packages = [
    ".",
    "attributes",
    "backoff",
    "balancer",
    "balancer/base",
    "balancer/grpclb/state",
    "balancer/roundrobin",
    "binarylog/grpc_binarylog_v1",
    "codes",
    "connectivity",
    "credentials",
    "credentials/internal",
    "encoding",
    "encoding/proto",
    "grpclog",
    "internal",
    "internal/backoff",
    "internal/balancerload",
    "internal/binarylog",
    "internal/buffer",
    "internal/channelz",
    "internal/envconfig",
    "internal/grpclog",
    "internal/grpcrand",
    "internal/grpcsync",
    "internal/grpcutil",
    "internal/resolver/dns",
    "internal/resolver/passthrough",
    "internal/serviceconfig",
    "internal/status",
    "internal/syscall",
    "internal/transport",
    "keepalive",
    "metadata",
    "peer",
    "resolver",
    "serviceconfig",
    "stats",
    "status",
    "tap",
  ]
  pruneopts = "T"
  revision = "1f47ba4663831f2a9c28a62a7de3ff8bc45078f0"
  version = "v1.30.0"

[[projects]]
  digest = "0:"
  name = "google.golang.org/protobuf"
  packages = [
    "encoding/protojson",
    "encoding/prototext",
    "encoding/protowire",
    "internal/descfmt",
    "internal/descopts",
    "internal/detrand",
    "internal/encoding/defval",
    "internal/encoding/json",
    "internal/encoding/messageset",
    "internal/encoding/tag",
    "internal/encoding/text",
    "internal/errors",
    "internal/fieldsort",
    "internal/filedesc",
    "internal/filetype",
    "internal/flags",
    "internal/genid",
    "internal/impl",
    "internal/mapsort",
    "internal/pragma",
    "internal/set",
    "internal/strs",
    "internal/version",
    "proto",
    "reflect/protodesc",
    "reflect/protoreflect",
    "reflect/protoregistry",
    "runtime/protoiface",
    "runtime/protoimpl",
    "types/descriptorpb",
    "types/known/anypb",
    "types/known/durationpb",
    "types/known/fieldmaskpb",
    "types/known/timestamppb",
    "types/known/wrapperspb",
  ]
  pruneopts = "T"
  revision = "3f7a61f89bb6813f89d981d1870ed68da0b3c3f1"
  version = "v1.25.0"

[[projects]]
  digest = "0:"
  name = "gopkg.in/ini.v1"
  packages = ["."]
  pruneopts = "T"
  revision = "1fc6efb6f20ef065ae00baf7f4fa7722cad0ec34"
  version = "v1.57.0"

[[projects]]
  digest = "0:"
  name = "gopkg.in/jcmturner/aescts.v1"
  packages = ["."]
  pruneopts = "T"
  revision = "f6abebb3171c4c1b1fea279cb7c7325020a26290"
  version = "v1.0.1"

[[projects]]
  digest = "0:"
  name = "gopkg.in/jcmturner/dnsutils.v1"
  packages = ["."]
  pruneopts = "T"
  revision = "13eeb8d49ffb74d7a75784c35e4d900607a3943c"
  version = "v1.0.1"

[[projects]]
  digest = "0:"
  name = "gopkg.in/jcmturner/gokrb5.v7"
  packages = [
    "asn1tools",
    "client",
    "config",
    "credentials",
    "crypto",
    "crypto/common",
    "crypto/etype",
    "crypto/rfc3961",
    "crypto/rfc3962",
    "crypto/rfc4757",
    "crypto/rfc8009",
    "gssapi",
    "iana",
    "iana/addrtype",
    "iana/adtype",
    "iana/asnAppTag",
    "iana/chksumtype",
    "iana/errorcode",
    "iana/etypeID",
    "iana/flags",
    "iana/keyusage",
    "iana/msgtype",
    "iana/nametype",
    "iana/patype",
    "kadmin",
    "keytab",
    "krberror",
    "messages",
    "pac",
    "types",
  ]
  pruneopts = "T"
  revision = "0b0d9d762bbc834e1e14f3f39dcea984364e9d63"
  version = "v7.5.0"

[[projects]]
  digest = "0:"
  name = "gopkg.in/jcmturner/rpc.v1"
  packages = [
    "mstypes",
    "ndr",
  ]
  pruneopts = "T"
  revision = "99a8ce2fbf8b8087b6ed12a37c61b10f04070043"
  version = "v1.1.0"

[[projects]]
  digest = "0:"
  name = "gopkg.in/yaml.v2"
  packages = ["."]
  pruneopts = "T"
  revision = "0b1645d91e851e735d3e23330303ce81f70adbe3"
  version = "v2.3.0"

[[projects]]
  digest = "0:"
  name = "gorgonia.org/tensor"
  packages = [
    ".",
    "internal/execution",
    "internal/serialization/fb",
    "internal/serialization/pb",
    "internal/storage",
  ]
  pruneopts = "T"
  revision = "f83015a5d83bbf6fb9437fb8ed1ce7b060e157ef"
  version = "v0.9.8"

[[projects]]
  digest = "0:"
  name = "gorgonia.org/vecf32"
  packages = ["."]
  pruneopts = "T"
  revision = "50ea049a9000a9d51e09929ee39572ff2ba68b59"
  version = "v0.9.0"

[[projects]]
  digest = "0:"
  name = "gorgonia.org/vecf64"
  packages = ["."]
  pruneopts = "T"
  revision = "1a1e7411aed011ba757953c004380fa32cce0293"
  version = "v0.9.0"

[solve-meta]
  analyzer-name = "dep"
  analyzer-version = 1
  input-imports = [
    "github.com/Unknwon/com",
    "github.com/benesch/cgosymbolizer",
    "github.com/k0kubun/pp",
    "github.com/pkg/errors",
    "github.com/rai-project/config",
    "github.com/rai-project/dlframework/framework/options",
    "github.com/rai-project/go-cupti",
    "github.com/rai-project/logger",
    "github.com/rai-project/nvidia-smi",
    "github.com/rai-project/tracer",
    "github.com/sirupsen/logrus",
    "gorgonia.org/tensor",
  ]
  solver-name = "gps-cdcl"
  solver-version = 1
