# This file is autogenerated, do not edit; changes may be undone by the next 'dep ensure'.


[[projects]]
  branch = "master"
  digest = "1:99010387da8d15937ae7f6159c54fe4323a6c2c4690c4a7a6fc43c14bef9e324"
  name = "github.com/GeertJohan/go-sourcepath"
  packages = ["."]
  pruneopts = "T"
  revision = "83e8b8723a9bf39481216e80575f4854c63ece4a"

[[projects]]
  digest = "1:5c9b5efa9944dd745b36d201a7ccc6c8acfbfa8a8e24697a9040c17d6561e916"
  name = "github.com/Masterminds/semver"
  packages = ["."]
  pruneopts = "T"
  revision = "805c489aa98f412e79eb308a37996bf9d8b1c91e"
  version = "v1.5.0"

[[projects]]
  digest = "1:9909e0a06cff3bd88841c9d2e0cc91b0a431676009018c74c3315f33b49b0046"
  name = "github.com/StackExchange/wmi"
  packages = ["."]
  pruneopts = "T"
  revision = "cbe66965904dbe8a6cd589e2298e5d8b986bd7dd"
  version = "1.1.0"

[[projects]]
  digest = "1:44da9375e68948d3fae5a5f3fa85abe79ce54e25ef4e4d9a69603cc92e92d5ec"
  name = "github.com/Unknwon/com"
  packages = ["."]
  pruneopts = "T"
  revision = "757f69c95f3e6e3ef823a57bfc3b4ca50804523e"
  version = "v1.0.1"

[[projects]]
  branch = "master"
  digest = "1:1237f2e0fe3256bbce813cc1bafddaf26b85bddbd2f8c08c30eb845140198aee"
  name = "github.com/armon/consul-api"
  packages = ["."]
  pruneopts = "T"
  revision = "eb2c6b5be1b66bab83016e0b05f01b8d5496ffbd"

[[projects]]
  branch = "master"
  digest = "1:4b0608ebbed8f170c6c57f9bf1e5beb27e0a6a291766530e83e1b44107b11c0e"
  name = "github.com/benesch/cgosymbolizer"
  packages = ["."]
  pruneopts = "T"
  revision = "bec6fe6e597bfeb28b9d8c0b998772635fceea8b"

[[projects]]
  digest = "1:cd1aa62654803683a517f47f1ee70d92acd6fb0a218e5e4c3c7edf5ff9b09cb4"
  name = "github.com/bketelsen/crypt"
  packages = ["config"]
  pruneopts = "T"
  revision = "0d6dc8c093c1c191f00effdfc3b2f858973f0271"
  version = "v0.0.2"

[[projects]]
  digest = "1:4e6fa73b0ca03165ff5f6f07464b5b1a83568f027d1a9eccde120c554e43e6b8"
  name = "github.com/cheekybits/genny"
  packages = ["generic"]
  pruneopts = "T"
  revision = "d2cf3cdd35ce0d789056c4bc02a4d6349c947caf"
  version = "v1.0.0"

[[projects]]
  digest = "1:7471447f18b90de5d6adfd51fe8ced6be2dc160d264ccbcd6fcefbd4b79f639e"
  name = "github.com/chewxy/hm"
  packages = ["."]
  pruneopts = "T"
  revision = "61efb3290a086d1335e8954b3734c102126818ba"
  version = "v1.0.0"

[[projects]]
  digest = "1:a15a7cd059657c3de044a9972ba89e55db43ffaad547087fe7e699665f930966"
  name = "github.com/chewxy/math32"
  packages = ["."]
  pruneopts = "T"
  revision = "690198fe423b6a6dacda06cdefa44cf45655dfd3"
  version = "1.01"

[[projects]]
  digest = "1:c4b2f91f0b72b4e5553253f973634728576e6186f301bf207a078a0190294f00"
  name = "github.com/coreos/etcd"
  packages = ["client"]
  pruneopts = "T"
  revision = "54ba9589114fc3fa5cc36c313550b3c0c0938c91"
  version = "v3.4.9"

[[projects]]
  digest = "1:484f9c39ef481b516dd78918feb90525ce55c03932878c090461b3cbccb631e9"
  name = "github.com/coreos/go-semver"
  packages = ["semver"]
  pruneopts = "T"
  revision = "e214231b295a8ea9479f11b70b35d5acf3556d9b"
  version = "v0.3.0"

[[projects]]
  digest = "1:9f42202ac457c462ad8bb9642806d275af9ab4850cf0b1960b9c6f083d4a309a"
  name = "github.com/davecgh/go-spew"
  packages = ["spew"]
  pruneopts = "T"
  revision = "8991bc29aa16c548c550c7ff78260e27b9ab7c73"
  version = "v1.1.1"

[[projects]]
  branch = "master"
  digest = "1:9a023ac8c30a6871d3fc94c9c0b5a0639ede096c351fd6cdcd7268fe9cb95af2"
  name = "github.com/facebookgo/stack"
  packages = ["."]
  pruneopts = "T"
  revision = "751773369052141c013c6e827a71e8f35c07879c"

[[projects]]
  digest = "1:7835391f2d6181706ac6767021cb48016ffeeac5350d99cc3b69abb21cdfea22"
  name = "github.com/fatih/color"
  packages = ["."]
  pruneopts = "T"
  revision = "daf2830f2741ebb735b21709a520c5f37d642d85"
  version = "v1.9.0"

[[projects]]
  digest = "1:af43bdaaf86655a2343f113e9b293bbc16b12099eaeb223982bbe4d4c22ba14d"
  name = "github.com/fatih/structs"
  packages = ["."]
  pruneopts = "T"
  revision = "4966fc68f5b7593aafa6cbbba2d65ec6e1416047"
  version = "v1.1.0"

[[projects]]
  digest = "1:a10819dde802bfa6fd6ed6ff07db3a70a514cacbf487f542f11af0250a78f0fd"
  name = "github.com/fsnotify/fsnotify"
  packages = ["."]
  pruneopts = "T"
  revision = "45d7d09e39ef4ac08d493309fa031790c15bfe8a"
  version = "v1.4.9"

[[projects]]
  digest = "1:721506c3d88697ba8229dec8530cdc02b3efdb1a5c12e5de7e7e70cb41ba3a4e"
  name = "github.com/go-ole/go-ole"
  packages = [
    ".",
    "oleutil",
  ]
  pruneopts = "T"
  revision = "97b6244175ae18ea6eef668034fd6565847501c9"
  version = "v1.2.4"

[[projects]]
  digest = "1:6ba54872416168c7f2a8349a681f919ead947cacde2d8e663dfbafeeaf13b17a"
  name = "github.com/gogo/protobuf"
  packages = [
    "gogoproto",
    "proto",
    "protoc-gen-gogo/descriptor",
    "sortkeys",
    "types",
  ]
  pruneopts = "T"
  revision = "5628607bb4c51c3157aacc3a50f0ab707582b805"
  version = "v1.3.1"

[[projects]]
  branch = "master"
  digest = "1:8be75099586ec794fb93c467584431c6725a44648463721df4601bee8550a168"
  name = "github.com/golang/protobuf"
  packages = [
    "descriptor",
    "jsonpb",
    "proto",
    "protoc-gen-go/descriptor",
    "ptypes",
    "ptypes/any",
    "ptypes/duration",
    "ptypes/timestamp",
    "ptypes/wrappers",
  ]
  pruneopts = "T"
  revision = "d04d7b157bb510b1e0c10132224b616ac0e26b17"

[[projects]]
  digest = "1:c21c49c63ce9aecfaf6f637a81da16d3b667132418228535b3a4b4d5e9469992"
  name = "github.com/google/flatbuffers"
  packages = ["go"]
  pruneopts = "T"
  revision = "6df40a2471737b27271bdd9b900ab5f3aec746c7"
  version = "v1.12.0"

[[projects]]
  digest = "1:28a3ac262fffe7371db34c694a1c548c83dcac48b2d06127499bf6475039b8c6"
  name = "github.com/grpc-ecosystem/grpc-gateway"
  packages = [
    "internal",
    "runtime",
    "utilities",
  ]
  pruneopts = "T"
  revision = "7988867d3206f7e90ca3e8d4ab67e060734a297a"
  version = "v1.14.6"

[[projects]]
  digest = "1:071bcbf82c289fba4d3f63c876bf4f0ba7eda625cd60795e0a03ccbf949e517a"
  name = "github.com/hashicorp/hcl"
  packages = [
    ".",
    "hcl/ast",
    "hcl/parser",
    "hcl/printer",
    "hcl/scanner",
    "hcl/strconv",
    "hcl/token",
    "json/parser",
    "json/scanner",
    "json/token",
  ]
  pruneopts = "T"
  revision = "8cb6e5b959231cc1119e43259c4a608f9c51a241"
  version = "v1.0.0"

[[projects]]
  branch = "master"
  digest = "1:b42f449a8b6e31294dcac04a5a8b990ec494f1b046cf9c00b3a12b20f4d05807"
  name = "github.com/iancoleman/strcase"
  packages = ["."]
  pruneopts = "T"
  revision = "16388991a33441046539eb716cff4d294d556c70"

[[projects]]
  branch = "master"
  digest = "1:3801d718cf840693e1c7fa4dddbec6f679e17d6098c1025860b1893303476bce"
  name = "github.com/ianlancetaylor/cgosymbolizer"
  packages = ["."]
  pruneopts = "T"
  revision = "be1b05b0b2790e3d9d080d29bd918304bbd35a2b"

[[projects]]
  branch = "master"
  digest = "1:fa8056e6c092b66b0efa12a05d5bb62564e8160d8a43f0c74d93cbc091485a33"
  name = "github.com/ianlancetaylor/demangle"
  packages = ["."]
  pruneopts = "T"
  revision = "6ce5b4c20f3361a04db0c1d838b8d3c0f5552898"

[[projects]]
  digest = "1:e0b019ee3a64ce51eeb7e0097a372305ac8caf338e50adf8e4bf3b7ce928e132"
  name = "github.com/josharian/intern"
  packages = ["."]
  pruneopts = "T"
  revision = "8e6ff32b3e7c0b018c43953085fe2ac330fe9acd"
  version = "v1.0.0"

[[projects]]
  digest = "1:dd4dc0fd2bbc8fb3c7d629c1c305d2605c4a83eee396e78245a3e1ade5520b2f"
  name = "github.com/json-iterator/go"
  packages = ["."]
  pruneopts = "T"
  revision = "a1ca0830781e007c66b225121d2cdb3a649421f6"
  version = "v1.1.10"

[[projects]]
  digest = "1:395de1b7a8e8ed4d9e24d9d86c9f8e350c95253d0f34c5a8a0f9153a1af467e4"
  name = "github.com/k0kubun/pp"
  packages = ["."]
  pruneopts = "T"
  revision = "f5c257df338e921f81bfe022aba3d9ba2e00b7b4"
  version = "v3.0.2"

[[projects]]
  digest = "1:09cb61dc19af93deae01587e2fdb1c081e0bf48f1a5ad5fa24f48750dc57dce8"
  name = "github.com/konsorten/go-windows-terminal-sequences"
  packages = ["."]
  pruneopts = "T"
  revision = "edb144dfd453055e1e49a3d8b410a660b5a87613"
  version = "v1.0.3"

[[projects]]
  digest = "1:d7cc16f6f66fd3f5864ff77480288704b02e5263f6f243dae62b43fdf4bb638e"
  name = "github.com/magiconair/properties"
  packages = ["."]
  pruneopts = "T"
  revision = "de8848e004dd33dc07a2947b3d76f618a7fc7ef1"
  version = "v1.8.1"

[[projects]]
  branch = "master"
  digest = "1:a16221fbe268374c03568cdd042ba2d4532e7bf6760838e8555ae0ab48de0878"
  name = "github.com/mailru/easyjson"
  packages = [
    ".",
    "buffer",
    "jlexer",
    "jwriter",
  ]
  pruneopts = "T"
  revision = "8ba3c7bdceed0f2e8089b8bac6627e18a1392659"

[[projects]]
  digest = "1:b168836ecd85a2d138391dbc464d2442ea9400c29cc0636f2c6056b996692e29"
  name = "github.com/mattn/go-colorable"
  packages = ["."]
  pruneopts = "T"
  revision = "167de6bfdfba052fa6b2d3664c8f5272e23c9072"
  version = "v0.0.9"

[[projects]]
  digest = "1:7a42645bfd802bb87392720f2e400178bb5c2da645e6ff57b2bebd5b9565b5d3"
  name = "github.com/mattn/go-isatty"
  packages = ["."]
  pruneopts = "T"
  revision = "7b513a986450394f7bbf1476909911b3aa3a55ce"
  version = "v0.0.12"

[[projects]]
  branch = "master"
  digest = "1:5d231480e1c64a726869bc4142d270184c419749d34f167646baa21008eb0a79"
  name = "github.com/mitchellh/go-homedir"
  packages = ["."]
  pruneopts = "T"
  revision = "af06845cf3004701891bf4fdb884bfe4920b3727"

[[projects]]
  digest = "1:297791112a7dced4f5bcc044c447cbc3d906667884e8f792f4eb8aa1aa27f3af"
  name = "github.com/mitchellh/mapstructure"
  packages = ["."]
  pruneopts = "T"
  revision = "d16e9488127408e67948eb43b6d3fbb9f222da10"
  version = "v1.3.2"

[[projects]]
  digest = "1:33422d238f147d247752996a26574ac48dcf472976eda7f5134015f06bf16563"
  name = "github.com/modern-go/concurrent"
  packages = ["."]
  pruneopts = "T"
  revision = "bacd9c7ef1dd9b15be4a9909b8ac7a4e313eec94"
  version = "1.0.3"

[[projects]]
  digest = "1:e32bdbdb7c377a07a9a46378290059822efdce5c8d96fe71940d87cb4f918855"
  name = "github.com/modern-go/reflect2"
  packages = ["."]
  pruneopts = "T"
  revision = "4b7aa43c6742a2c18fdef89dd197aaae7dac7ccd"
  version = "1.0.1"

[[projects]]
  branch = "master"
  digest = "1:7df5aec51876f1f5d992a7917dc3c22908dffcd3b67298a6e8935b2e4f21d63d"
  name = "github.com/nicolai86/instruments"
  packages = ["."]
  pruneopts = "T"
  revision = "a667d8f6e278892ccc3bc78f7fc6a6364fd68124"

[[projects]]
  branch = "master"
  digest = "1:2da0e5077ed40453dc281b9a2428d84cf6ad14063aed189f6296ca5dd25cf13d"
  name = "github.com/opentracing-contrib/go-observer"
  packages = ["."]
  pruneopts = "T"
  revision = "a52f2342449246d5bcc273e65cbdcfa5f7d6c63c"

[[projects]]
  branch = "master"
  digest = "1:13a77f84aac9ca8e81790049c65a80b20659ddc5b527fae5cdcccb47e90cdfae"
  name = "github.com/opentracing-contrib/perfevents"
  packages = ["go"]
  pruneopts = "T"
  revision = "a7a7e747782c021caa5c44ef98157f761bf56970"

[[projects]]
  digest = "1:abe0aa36f73069c003bbbcb1a0837eea6eb7b5b2e876d6cf34d454b02d9b3873"
  name = "github.com/opentracing/opentracing-go"
  packages = [
    ".",
    "ext",
    "log",
  ]
  pruneopts = "T"
  revision = "d34af3eaa63c4d08ab54863a4bdd0daa45212e12"
  version = "v1.2.0"

[[projects]]
  digest = "1:5bd144b444ce3d0456d090e0eafc1d9e03985fd58437ac3196073d03b47c18a9"
  name = "github.com/pelletier/go-toml"
  packages = ["."]
  pruneopts = "T"
  revision = "16c9a8bdc086a2130a88eff98df4088e4c359bb2"
  version = "v1.8.0"

[[projects]]
  digest = "1:cf31692c14422fa27c83a05292eb5cbe0fb2775972e8f1f8446a71549bd8980b"
  name = "github.com/pkg/errors"
  packages = ["."]
  pruneopts = "T"
  revision = "ba968bfe8b2f7e042a574c888954fccecfa385b4"
  version = "v0.8.1"

[[projects]]
  digest = "1:22aa691fe0213cb5c07d103f9effebcb7ad04bee45a0ce5fe5369d0ca2ec3a1f"
  name = "github.com/pmezard/go-difflib"
  packages = ["difflib"]
  pruneopts = "T"
  revision = "792786c7400a136282c1664665ae0a8db921c6c2"
  version = "v1.0.0"

[[projects]]
  branch = "master"
  digest = "1:8edbafe83ca2d8e80d592a3381a54bf00378fe1255aa9d94ebacef46094d5b07"
  name = "github.com/rai-project/config"
  packages = ["."]
  pruneopts = "T"
  revision = "3bd01e698aad9bbfa8efa27dc763ba1d38ccaa91"

[[projects]]
  branch = "master"
  digest = "1:597d9622cb961523f0a1a8ca29fc253fe5058104557665c9239ee6a5f7161279"
  name = "github.com/rai-project/dlframework"
  packages = [
    ".",
    "framework/options",
  ]
  pruneopts = "T"
  revision = "4aaa12cfa5874a785cbe70a2bc8a849472c7bc95"

[[projects]]
  branch = "master"
  digest = "1:c17ade99e67c179900f85dbdf33659bce3a65cd98a014a2f32419fd0e911fb13"
  name = "github.com/rai-project/go-cupti"
  packages = [
    ".",
    "types",
  ]
  pruneopts = "T"
  revision = "042c8db6b58eea64b98a52e9dc4cc069196abc84"

[[projects]]
  branch = "master"
  digest = "1:36786f86751a08b455e0e806333825d36d0ab4f67a5e27a0d76d62ecde52b593"
  name = "github.com/rai-project/godotenv"
  packages = ["."]
  pruneopts = "T"
  revision = "72ca456a35f42d911b5a3f25ef9ea42636a22b3b"

[[projects]]
  branch = "master"
  digest = "1:a3595b1112b6d9b6fb74e183859f87eb91392d3d0ad8524f44793f8fc1b5638c"
  name = "github.com/rai-project/logger"
  packages = ["."]
  pruneopts = "T"
  revision = "49978a80bf96e896fd525f153518056b3b75fdf1"

[[projects]]
  branch = "master"
  digest = "1:9fff0a2812257495385ebc6f7ce1d8bc6cae69f585f2904fbd135a440f6eacab"
  name = "github.com/rai-project/machine"
  packages = ["os"]
  pruneopts = "T"
  revision = "16d40a8bc810dd4bda476f87f15607effddedb84"

[[projects]]
  branch = "master"
  digest = "1:266150b2920db612678097e72ae47888152d29d3723a80bd5dd15c400bea6784"
  name = "github.com/rai-project/nvidia-smi"
  packages = ["."]
  pruneopts = "T"
  revision = "864eb441c9ae3171601e2e9df942b9ca386612c0"

[[projects]]
  branch = "master"
  digest = "1:e8b1ae1b3ff644173c0f1c6dc4b7162b000a285dcccd5207a9e15397db4f0261"
  name = "github.com/rai-project/nvml-go"
  packages = ["."]
  pruneopts = "T"
  revision = "4e1189bcc320475bfec1306c719b78939c31a00d"

[[projects]]
  branch = "master"
  digest = "1:fb2b44c0d1c029040d847f5acee30777a9274b57632d11af3dbee8bdfb477fa3"
  name = "github.com/rai-project/tegra"
  packages = ["."]
  pruneopts = "T"
  revision = "1d9901ca382bfae82f47b1ddb5fb67a019d254e8"

[[projects]]
  branch = "master"
  digest = "1:7a61b8b28d69e4c6034d4ccdbfb61514df60df562545ac97611fdd6a28576ccf"
  name = "github.com/rai-project/tracer"
  packages = [
    ".",
    "all",
    "defaults",
    "jaeger",
    "noop",
    "observer",
    "utils",
  ]
  pruneopts = "T"
  revision = "97d6a9677dc3a0e73fc9df74d366323884c19190"

[[projects]]
  branch = "master"
  digest = "1:e40951f44154273eb5092194a202e84b27cef56a51be8a378a70c9dc53a388bf"
  name = "github.com/rai-project/utils"
  packages = ["."]
  pruneopts = "T"
  revision = "addd4cf1893f82eadf3982b92dec25f87d0453e2"

[[projects]]
  branch = "master"
  digest = "1:e2a04242aae3d6797e66319593ab408af4eef437c31fa57f0916b50f6860e4d7"
  name = "github.com/rai-project/uuid"
  packages = ["."]
  pruneopts = "T"
  revision = "2a4c8b922cc6a17bd16f236d4bb06134972289f2"

[[projects]]
  branch = "master"
  digest = "1:3b110f9e8ac021ec2c444061da55e3750e2b72846f0597f7e733dc33296e4790"
  name = "github.com/rai-project/vipertags"
  packages = ["."]
  pruneopts = "T"
  revision = "d63b0a674aa95058902e234d2e9e5d1a13aa46a3"

[[projects]]
  branch = "master"
  digest = "1:4f9ae2fe6709b7c30e60e9e212897e165c319158a9f3c3830f1088fce71ddbc7"
  name = "github.com/rainycape/dl"
  packages = ["."]
  pruneopts = "T"
  revision = "1b01514224a1a60a6bcbb0b6b9d3a00ec14ae17f"

[[projects]]
  digest = "1:a6fd711f9da09f4a751855d8669cf32f279b50fc02a0d947e164624893bce11f"
  name = "github.com/shirou/gopsutil"
  packages = [
    "internal/common",
    "mem",
  ]
  pruneopts = "T"
  revision = "10a398abdd2d49a0905dae63644eb0cafc2006e2"
  version = "v2.20.6"

[[projects]]
  digest = "1:5e2f76134f52d912b3d734f255ec154b41536afd2db805fb474222c07d0d76e2"
  name = "github.com/sirupsen/logrus"
  packages = ["."]
  pruneopts = "T"
  revision = "60c74ad9be0d874af0ab0daef6ab07c5c5911f0d"
  version = "v1.6.0"

[[projects]]
  digest = "1:d1a87ed1fe22abcbe821f9236139e067c50f7760ae58f7c503225b433e39f24c"
  name = "github.com/spf13/afero"
  packages = [
    ".",
    "mem",
  ]
  pruneopts = "T"
  revision = "64b7ddd95f1fbe60faf105741af72d8f3579e5f0"
  version = "v1.3.1"

[[projects]]
  digest = "1:ff4cd55a3666b6ea3a876c9e133bfb54d6c812e725409a773f2c94a0b3a92f4f"
  name = "github.com/spf13/cast"
  packages = ["."]
  pruneopts = "T"
  revision = "1ffadf551085444af981432dd0f6d1160c11ec64"
  version = "v1.3.1"

[[projects]]
  digest = "1:1b753ec16506f5864d26a28b43703c58831255059644351bbcb019b843950900"
  name = "github.com/spf13/jwalterweatherman"
  packages = ["."]
  pruneopts = "T"
  revision = "94f6ae3ed3bceceafa716478c5fbf8d29ca601a1"
  version = "v1.1.0"

[[projects]]
  digest = "1:b9ab7e761cae4fe0e7d82fff001e2cb618d30ce5d9129bb074ebf1d847791bde"
  name = "github.com/spf13/pflag"
  packages = ["."]
  pruneopts = "T"
  revision = "2e9d26c8c37aae03e3f9d4e90b7116f5accb7cab"
  version = "v1.0.5"

[[projects]]
  branch = "master"
  digest = "1:47ced32e1bfc3c92d243e185c249d806ab569b90cb35907bcd6a07fcb74d090a"
  name = "github.com/spf13/viper"
  packages = [
    ".",
    "remote",
  ]
  pruneopts = "T"
  revision = "13df72109047b6ae9c907bce81e327265d6d8a9c"

[[projects]]
  digest = "1:6a79618a4d87b0b52aaa139d7beb1ce2a415d924e5468c0f21e286f77f2f1d1c"
  name = "github.com/stretchr/testify"
  packages = ["assert"]
  pruneopts = "T"
  revision = "f654a9112bbeac49ca2cd45bfbe11533c4666cf8"
  version = "v1.6.1"

[[projects]]
  digest = "1:12688aaba599584071471d6533fa5d5af119b66cc2a075a640042e4c4d983db3"
  name = "github.com/subosito/gotenv"
  packages = ["."]
  pruneopts = "T"
  revision = "2ef7124db659d49edac6aa459693a15ae36c671a"
  version = "v1.2.0"

[[projects]]
  digest = "1:2082e94da3006cd9b8a1a06f35ae8c607082e6c13fcc9e412a74b9ff668da0e5"
  name = "github.com/uber/jaeger-client-go"
  packages = [
    ".",
    "internal/baggage",
    "internal/reporterstats",
    "internal/spanlog",
    "internal/throttler",
    "log",
    "thrift",
    "thrift-gen/agent",
    "thrift-gen/jaeger",
    "thrift-gen/sampling",
    "thrift-gen/zipkincore",
    "transport/zipkin",
    "utils",
    "zipkin",
  ]
  pruneopts = "T"
  revision = "66c008c3d6ad856cac92a0af53186efbffa8e6a5"
  version = "v2.24.0"

[[projects]]
  digest = "1:1cb09ab7ae0fa89104d77886c7efc5d6a6aec74003d0d9c09fda5e794daedef3"
  name = "github.com/uber/jaeger-lib"
  packages = ["metrics"]
  pruneopts = "T"
  revision = "a87ae9d84fb038a8d79266298970720be7c80fcd"
  version = "v2.2.0"

[[projects]]
  branch = "master"
  digest = "1:f5474b0bfcb13bc0c8b54dd5443b0c640b9bc1049677d60f9aa130a61316dc76"
  name = "github.com/xordataexchange/crypt"
  packages = [
    "backend",
    "backend/consul",
    "backend/etcd",
    "encoding/secconf",
  ]
  pruneopts = "T"
  revision = "b2862e3d0a775f18c7cfe02273500ae307b61218"

[[projects]]
  branch = "master"
  digest = "1:1b343436914e186a993d7c20ab0988aa5b1e0a76a7cc8611a8e7057c3a1e9665"
  name = "github.com/xtgo/set"
  packages = ["."]
  pruneopts = "T"
  revision = "708d80f4a27458f99f8ca12bd0e638c6ee65627f"

[[projects]]
  digest = "1:c4b2f91f0b72b4e5553253f973634728576e6186f301bf207a078a0190294f00"
  name = "go.etcd.io/etcd"
  packages = [
    "pkg/pathutil",
    "pkg/srv",
    "pkg/types",
    "version",
  ]
  pruneopts = "T"
  revision = "54ba9589114fc3fa5cc36c313550b3c0c0938c91"
  version = "v3.4.9"

[[projects]]
  digest = "1:d6588ab26608161256034741a78b929660bd966f5d6ac677c9c83ed25bb12101"
  name = "go.uber.org/atomic"
  packages = ["."]
  pruneopts = "T"
  revision = "845920076a298bdb984fb0f1b86052e4ca0a281c"
  version = "v1.6.0"

[[projects]]
  branch = "master"
  digest = "1:1496e74bb1c2ba183ca3dcc9663cee66ec4f4969b65084620c6cc3ccf03ed4d6"
  name = "golang.org/x/crypto"
  packages = [
    "cast5",
    "openpgp",
    "openpgp/armor",
    "openpgp/elgamal",
    "openpgp/errors",
    "openpgp/packet",
    "openpgp/s2k",
  ]
  pruneopts = "T"
  revision = "75b288015ac94e66e3d6715fb68a9b41bf046ec2"

[[projects]]
  branch = "master"
  digest = "1:4d588a110bd85e7491952ea7cd3b2b3c8fe1b21d1e95f284a862e1db0fa8fe51"
  name = "golang.org/x/net"
  packages = [
    "http/httpguts",
    "http2",
    "http2/hpack",
    "idna",
    "internal/timeseries",
    "trace",
    "webdav",
    "webdav/internal/xml",
  ]
  pruneopts = "T"
  revision = "4c5254603344ea4a8ae4bed7e296a9588303e14f"

[[projects]]
  branch = "master"
  digest = "1:b1ae6af58dd8e4eb2e79e8e83f713950f88a6a3f7ba25cb68feb151a69096597"
  name = "golang.org/x/sync"
  packages = ["syncmap"]
  pruneopts = "T"
  revision = "6e8e738ad208923de99951fe0b48239bfd864f28"

[[projects]]
  branch = "master"
  digest = "1:f78e9279da434c766a6ffe8e9c527cb53f164975a3a2b75a369108df246f19fb"
  name = "golang.org/x/sys"
  packages = [
    "internal/unsafeheader",
    "unix",
    "windows",
  ]
  pruneopts = "T"
  revision = "ddb9806d33aed8dbaac1cd6f1cba58952e87f933"

[[projects]]
  digest = "1:514f778824d7307cb3452f6b63b650b0024e320eeca7056d286c665a52e1f89f"
  name = "golang.org/x/text"
  packages = [
    "collate",
    "collate/build",
    "internal/colltab",
    "internal/gen",
    "internal/language",
    "internal/language/compact",
    "internal/tag",
    "internal/triegen",
    "internal/ucd",
    "language",
    "secure/bidirule",
    "transform",
    "unicode/bidi",
    "unicode/cldr",
    "unicode/norm",
    "unicode/rangetable",
  ]
  pruneopts = "T"
  revision = "23ae387dee1f90d29a23c0e87ee0b46038fbed0e"
  version = "v0.3.3"

[[projects]]
  digest = "1:c0598ea8ba58ff7be2862e953c5303045349168f904de9a750f45d42a148d8e8"
  name = "gonum.org/v1/gonum"
  packages = [
    "blas",
    "blas/blas64",
    "blas/cblas128",
    "blas/gonum",
    "floats",
    "internal/asm/c128",
    "internal/asm/c64",
    "internal/asm/f32",
    "internal/asm/f64",
    "internal/cmplx64",
    "internal/math32",
    "lapack",
    "lapack/gonum",
    "lapack/lapack64",
    "mat",
  ]
  pruneopts = "T"
  revision = "b72f7aa23a47a7d95df7d3d5248af26c33327925"
  version = "v0.6.0"

[[projects]]
  branch = "master"
  digest = "1:8f4beabbffa76c7773c65d7e536eff60cf4d29a6ea0655e771a3a5414f2e0d94"
  name = "google.golang.org/genproto"
  packages = [
    "googleapis/api/annotations",
    "googleapis/api/httpbody",
    "googleapis/rpc/status",
    "protobuf/field_mask",
  ]
  pruneopts = "T"
  revision = "07506425bd67e1db3dd3ed11bc30bdd553c377f1"

[[projects]]
  digest = "1:49998649f6ee40f6d77d6ac4c6f6368eac05e4bf662f117c589a99b0e505f52a"
  name = "google.golang.org/grpc"
  packages = [
    ".",
    "attributes",
    "backoff",
    "balancer",
    "balancer/base",
    "balancer/grpclb/state",
    "balancer/roundrobin",
    "binarylog/grpc_binarylog_v1",
    "codes",
    "connectivity",
    "credentials",
    "credentials/internal",
    "encoding",
    "encoding/proto",
    "grpclog",
    "internal",
    "internal/backoff",
    "internal/balancerload",
    "internal/binarylog",
    "internal/buffer",
    "internal/channelz",
    "internal/envconfig",
    "internal/grpclog",
    "internal/grpcrand",
    "internal/grpcsync",
    "internal/grpcutil",
    "internal/resolver/dns",
    "internal/resolver/passthrough",
    "internal/serviceconfig",
    "internal/status",
    "internal/syscall",
    "internal/transport",
    "keepalive",
    "metadata",
    "peer",
    "resolver",
    "serviceconfig",
    "stats",
    "status",
    "tap",
  ]
  pruneopts = "T"
  revision = "1f47ba4663831f2a9c28a62a7de3ff8bc45078f0"
  version = "v1.30.0"

[[projects]]
  digest = "1:b2fe9af23ff495fc3891901b5407f9ada08995ff41756c6338df007ae04bf905"
  name = "google.golang.org/protobuf"
  packages = [
    "encoding/protojson",
    "encoding/prototext",
    "encoding/protowire",
    "internal/descfmt",
    "internal/descopts",
    "internal/detrand",
    "internal/encoding/defval",
    "internal/encoding/json",
    "internal/encoding/messageset",
    "internal/encoding/tag",
    "internal/encoding/text",
    "internal/errors",
    "internal/fieldsort",
    "internal/filedesc",
    "internal/filetype",
    "internal/flags",
    "internal/genid",
    "internal/impl",
    "internal/mapsort",
    "internal/pragma",
    "internal/set",
    "internal/strs",
    "internal/version",
    "proto",
    "reflect/protodesc",
    "reflect/protoreflect",
    "reflect/protoregistry",
    "runtime/protoiface",
    "runtime/protoimpl",
    "types/descriptorpb",
    "types/known/anypb",
    "types/known/durationpb",
    "types/known/fieldmaskpb",
    "types/known/timestamppb",
    "types/known/wrapperspb",
  ]
  pruneopts = "T"
  revision = "3f7a61f89bb6813f89d981d1870ed68da0b3c3f1"
  version = "v1.25.0"

[[projects]]
  digest = "1:957609c2c1d28647629c04d8948023ade1a47229aabf4cd570db747097299e11"
  name = "gopkg.in/ini.v1"
  packages = ["."]
  pruneopts = "T"
  revision = "1fc6efb6f20ef065ae00baf7f4fa7722cad0ec34"
  version = "v1.57.0"

[[projects]]
  digest = "1:d7f1bd887dc650737a421b872ca883059580e9f8314d601f88025df4f4802dce"
  name = "gopkg.in/yaml.v2"
  packages = ["."]
  pruneopts = "T"
  revision = "0b1645d91e851e735d3e23330303ce81f70adbe3"
  version = "v2.3.0"

[[projects]]
  branch = "v3"
  digest = "1:229cb0f6192914f518cc1241ede6d6f1f458b31debfa18bf3a5c9e4f7b01e24b"
  name = "gopkg.in/yaml.v3"
  packages = ["."]
  pruneopts = "T"
  revision = "eeeca48fe7764f320e4870d231902bf9c1be2c08"

[[projects]]
  digest = "1:07583a0e780f2650a40807b05a8c7fd57189312429e76a4be741c8573a285012"
  name = "gorgonia.org/tensor"
  packages = [
    ".",
    "internal/execution",
    "internal/serialization/fb",
    "internal/serialization/pb",
    "internal/storage",
  ]
  pruneopts = "T"
  revision = "f83015a5d83bbf6fb9437fb8ed1ce7b060e157ef"
  version = "v0.9.8"

[[projects]]
  digest = "1:62ea55b8b5391b241fac666e094216cb091755363cab645435de15f4e3609c20"
  name = "gorgonia.org/vecf32"
  packages = ["."]
  pruneopts = "T"
  revision = "50ea049a9000a9d51e09929ee39572ff2ba68b59"
  version = "v0.9.0"

[[projects]]
  digest = "1:33e4bc5b64eed1fb8281305078bb742cdd569f35e16b9fb327a9ab87a93b7eed"
  name = "gorgonia.org/vecf64"
  packages = ["."]
  pruneopts = "T"
  revision = "1a1e7411aed011ba757953c004380fa32cce0293"
  version = "v0.9.0"

[solve-meta]
  analyzer-name = "dep"
  analyzer-version = 1
  input-imports = [
    "github.com/GeertJohan/go-sourcepath",
    "github.com/Unknwon/com",
    "github.com/benesch/cgosymbolizer",
    "github.com/k0kubun/pp",
    "github.com/pkg/errors",
    "github.com/rai-project/config",
    "github.com/rai-project/dlframework/framework/options",
    "github.com/rai-project/go-cupti",
    "github.com/rai-project/logger",
    "github.com/rai-project/nvidia-smi",
    "github.com/rai-project/tracer",
    "github.com/rai-project/tracer/all",
    "github.com/sirupsen/logrus",
    "github.com/stretchr/testify/assert",
    "gorgonia.org/tensor",
  ]
  solver-name = "gps-cdcl"
  solver-version = 1
